
Microsoft Visual Studio Solution File, Format Version 12.00
# Visual Studio Version 16
VisualStudioVersion = 16.0.29001.49
MinimumVisualStudioVersion = 10.0.40219.1
Project("{FAE04EC0-301F-11D3-BF4B-00C04F79EFBC}") = "Xilconic.BoardgamingUtils", "src\Xilconic.BoardgamingUtils\Xilconic.BoardgamingUtils.csproj", "{0CF56992-90E0-4568-AEE6-B3FA78F8FE5D}"
EndProject
Project("{FAE04EC0-301F-11D3-BF4B-00C04F79EFBC}") = "Xilconic.BoardgamingUtils.Test", "test\Xilconic.BoardgamingUtils.Test\Xilconic.BoardgamingUtils.Test.csproj", "{1802CBF6-90CC-4844-A239-18C0CB2ADCE5}"
EndProject
Project("{FAE04EC0-301F-11D3-BF4B-00C04F79EFBC}") = "Xilconic.BoardgamingUtils.ToolboxApp", "src\Xilconic.BoardgamingUtils.ToolboxApp\Xilconic.BoardgamingUtils.ToolboxApp.csproj", "{8ABE8B89-793B-4961-BCBA-D6BF857901F9}"
EndProject
Project("{FAE04EC0-301F-11D3-BF4B-00C04F79EFBC}") = "Xilconic.BoardgamingUtils.ToolboxApp.Test", "test\Xilconic.BoardgamingUtils.ToolboxApp.Test\Xilconic.BoardgamingUtils.ToolboxApp.Test.csproj", "{D8CC600E-9033-4CB2-8021-9AF2348F1256}"
EndProject
Global
	GlobalSection(SolutionConfigurationPlatforms) = preSolution
		Debug|Any CPU = Debug|Any CPU
		Release|Any CPU = Release|Any CPU
	EndGlobalSection
	GlobalSection(ProjectConfigurationPlatforms) = postSolution
		{0CF56992-90E0-4568-AEE6-B3FA78F8FE5D}.Debug|Any CPU.ActiveCfg = Debug|Any CPU
		{0CF56992-90E0-4568-AEE6-B3FA78F8FE5D}.Debug|Any CPU.Build.0 = Debug|Any CPU
		{0CF56992-90E0-4568-AEE6-B3FA78F8FE5D}.Release|Any CPU.ActiveCfg = Release|Any CPU
		{0CF56992-90E0-4568-AEE6-B3FA78F8FE5D}.Release|Any CPU.Build.0 = Release|Any CPU
		{1802CBF6-90CC-4844-A239-18C0CB2ADCE5}.Debug|Any CPU.ActiveCfg = Debug|Any CPU
		{1802CBF6-90CC-4844-A239-18C0CB2ADCE5}.Debug|Any CPU.Build.0 = Debug|Any CPU
		{1802CBF6-90CC-4844-A239-18C0CB2ADCE5}.Release|Any CPU.ActiveCfg = Release|Any CPU
		{1802CBF6-90CC-4844-A239-18C0CB2ADCE5}.Release|Any CPU.Build.0 = Release|Any CPU
		{8ABE8B89-793B-4961-BCBA-D6BF857901F9}.Debug|Any CPU.ActiveCfg = Debug|Any CPU
		{8ABE8B89-793B-4961-BCBA-D6BF857901F9}.Debug|Any CPU.Build.0 = Debug|Any CPU
		{8ABE8B89-793B-4961-BCBA-D6BF857901F9}.Release|Any CPU.ActiveCfg = Release|Any CPU
		{8ABE8B89-793B-4961-BCBA-D6BF857901F9}.Release|Any CPU.Build.0 = Release|Any CPU
		{D8CC600E-9033-4CB2-8021-9AF2348F1256}.Debug|Any CPU.ActiveCfg = Debug|Any CPU
		{D8CC600E-9033-4CB2-8021-9AF2348F1256}.Debug|Any CPU.Build.0 = Debug|Any CPU
		{D8CC600E-9033-4CB2-8021-9AF2348F1256}.Release|Any CPU.ActiveCfg = Release|Any CPU
		{D8CC600E-9033-4CB2-8021-9AF2348F1256}.Release|Any CPU.Build.0 = Release|Any CPU
	EndGlobalSection
	GlobalSection(SolutionProperties) = preSolution
		HideSolutionNode = FALSE
	EndGlobalSection
	GlobalSection(ExtensibilityGlobals) = postSolution
		SolutionGuid = {BF5D38BF-CA61-47CC-B083-7AB08B6027F1}
	EndGlobalSection
EndGlobal
