
Microsoft Visual Studio Solution File, Format Version 12.00
Project("{FAE04EC0-301F-11D3-BF4B-00C04F79EFBC}") = "BoardgamingUtils", "src\BoardgamingUtils\BoardgamingUtils.csproj", "{4FFD5071-88B1-4C59-8909-005096369EA2}"
EndProject
Project("{2150E333-8FDC-42A3-9474-1A3956D46DE8}") = "SolutionItems", "SolutionItems", "{61E736B0-4EC6-45CD-845D-BE512827E8EA}"
	ProjectSection(SolutionItems) = preProject
		README.md = README.md
		.editorconfig = .editorconfig
	EndProjectSection
EndProject
Project("{FAE04EC0-301F-11D3-BF4B-00C04F79EFBC}") = "BoardgamingUtils.Tests", "test\BoardgamingUtils.Tests\BoardgamingUtils.Tests.csproj", "{19AE03BF-FC19-46C4-A10D-0D8D018A342D}"
EndProject
Project("{FAE04EC0-301F-11D3-BF4B-00C04F79EFBC}") = "BoardgamingUtils.Application", "src\BoardgamingUtils.Application\BoardgamingUtils.Application.csproj", "{A899C7AB-7368-481F-AA1E-EF2522E57ACD}"
EndProject
Project("{FAE04EC0-301F-11D3-BF4B-00C04F79EFBC}") = "BoardgamingUtils.Application.Tests", "test\BoardgamingUtils.Application.Tests\BoardgamingUtils.Application.Tests.csproj", "{F3123A3A-2DC4-41F1-9E7B-BBA2BE85D514}"
EndProject
Global
	GlobalSection(SolutionConfigurationPlatforms) = preSolution
		Debug|Any CPU = Debug|Any CPU
		Release|Any CPU = Release|Any CPU
	EndGlobalSection
	GlobalSection(ProjectConfigurationPlatforms) = postSolution
		{4FFD5071-88B1-4C59-8909-005096369EA2}.Debug|Any CPU.ActiveCfg = Debug|Any CPU
		{4FFD5071-88B1-4C59-8909-005096369EA2}.Debug|Any CPU.Build.0 = Debug|Any CPU
		{4FFD5071-88B1-4C59-8909-005096369EA2}.Release|Any CPU.ActiveCfg = Release|Any CPU
		{4FFD5071-88B1-4C59-8909-005096369EA2}.Release|Any CPU.Build.0 = Release|Any CPU
		{19AE03BF-FC19-46C4-A10D-0D8D018A342D}.Debug|Any CPU.ActiveCfg = Debug|Any CPU
		{19AE03BF-FC19-46C4-A10D-0D8D018A342D}.Debug|Any CPU.Build.0 = Debug|Any CPU
		{19AE03BF-FC19-46C4-A10D-0D8D018A342D}.Release|Any CPU.ActiveCfg = Release|Any CPU
		{19AE03BF-FC19-46C4-A10D-0D8D018A342D}.Release|Any CPU.Build.0 = Release|Any CPU
		{A899C7AB-7368-481F-AA1E-EF2522E57ACD}.Debug|Any CPU.ActiveCfg = Debug|Any CPU
		{A899C7AB-7368-481F-AA1E-EF2522E57ACD}.Debug|Any CPU.Build.0 = Debug|Any CPU
		{A899C7AB-7368-481F-AA1E-EF2522E57ACD}.Release|Any CPU.ActiveCfg = Release|Any CPU
		{A899C7AB-7368-481F-AA1E-EF2522E57ACD}.Release|Any CPU.Build.0 = Release|Any CPU
		{F3123A3A-2DC4-41F1-9E7B-BBA2BE85D514}.Debug|Any CPU.ActiveCfg = Debug|Any CPU
		{F3123A3A-2DC4-41F1-9E7B-BBA2BE85D514}.Debug|Any CPU.Build.0 = Debug|Any CPU
		{F3123A3A-2DC4-41F1-9E7B-BBA2BE85D514}.Release|Any CPU.ActiveCfg = Release|Any CPU
		{F3123A3A-2DC4-41F1-9E7B-BBA2BE85D514}.Release|Any CPU.Build.0 = Release|Any CPU
	EndGlobalSection
EndGlobal
